// !$*UTF8*$!
{
	archiveVersion = 1;
	classes = {
	};
	objectVersion = 63;
	objects = {

/* Begin PBXBuildFile section */
		16DA5B6E2C459562005B4C80 /* Dice_FightApp.swift in Sources */ = {isa = PBXBuildFile; fileRef = 16DA5B6D2C459562005B4C80 /* Dice_FightApp.swift */; };
		16DA5B702C459562005B4C80 /* ContentView.swift in Sources */ = {isa = PBXBuildFile; fileRef = 16DA5B6F2C459562005B4C80 /* ContentView.swift */; };
		16DA5B722C459566005B4C80 /* Assets.xcassets in Resources */ = {isa = PBXBuildFile; fileRef = 16DA5B712C459566005B4C80 /* Assets.xcassets */; };
		16DA5B752C459566005B4C80 /* Preview Assets.xcassets in Resources */ = {isa = PBXBuildFile; fileRef = 16DA5B742C459566005B4C80 /* Preview Assets.xcassets */; };
		A32A02EA2C4897E9007D0285 /* BattleView.swift in Sources */ = {isa = PBXBuildFile; fileRef = A32A02E92C4897E9007D0285 /* BattleView.swift */; };
		A32A02ED2C489985007D0285 /* Dice1View.swift in Sources */ = {isa = PBXBuildFile; fileRef = A32A02EC2C489985007D0285 /* Dice1View.swift */; };
		A32A02EF2C489B3C007D0285 /* Dice2View.swift in Sources */ = {isa = PBXBuildFile; fileRef = A32A02EE2C489B3C007D0285 /* Dice2View.swift */; };
		A32A02F12C489CBB007D0285 /* Dice3View.swift in Sources */ = {isa = PBXBuildFile; fileRef = A32A02F02C489CBB007D0285 /* Dice3View.swift */; };
		A32A02F32C489CEE007D0285 /* Dice4View.swift in Sources */ = {isa = PBXBuildFile; fileRef = A32A02F22C489CEE007D0285 /* Dice4View.swift */; };
		A32A02F52C489D62007D0285 /* Dice5View.swift in Sources */ = {isa = PBXBuildFile; fileRef = A32A02F42C489D62007D0285 /* Dice5View.swift */; };
		A32A02F72C489D80007D0285 /* Dice6View.swift in Sources */ = {isa = PBXBuildFile; fileRef = A32A02F62C489D80007D0285 /* Dice6View.swift */; };
		A32A02FA2C48BD2F007D0285 /* TestData.swift in Sources */ = {isa = PBXBuildFile; fileRef = A32A02F92C48BD2F007D0285 /* TestData.swift */; };
/* End PBXBuildFile section */

/* Begin PBXFileReference section */
		168AACC02C459BE9002F3FFA /* .gitignore */ = {isa = PBXFileReference; lastKnownFileType = text; path = .gitignore; sourceTree = "<group>"; };
		168AACC52C45A096002F3FFA /* Dice-Fight-Info.plist */ = {isa = PBXFileReference; lastKnownFileType = text.plist; path = "Dice-Fight-Info.plist"; sourceTree = SOURCE_ROOT; };
		16DA5B6A2C459562005B4C80 /* Dice Fight.app */ = {isa = PBXFileReference; explicitFileType = wrapper.application; includeInIndex = 0; path = "Dice Fight.app"; sourceTree = BUILT_PRODUCTS_DIR; };
		16DA5B6D2C459562005B4C80 /* Dice_FightApp.swift */ = {isa = PBXFileReference; lastKnownFileType = sourcecode.swift; path = Dice_FightApp.swift; sourceTree = "<group>"; };
		16DA5B6F2C459562005B4C80 /* ContentView.swift */ = {isa = PBXFileReference; lastKnownFileType = sourcecode.swift; path = ContentView.swift; sourceTree = "<group>"; };
		16DA5B712C459566005B4C80 /* Assets.xcassets */ = {isa = PBXFileReference; lastKnownFileType = folder.assetcatalog; path = Assets.xcassets; sourceTree = "<group>"; };
		16DA5B742C459566005B4C80 /* Preview Assets.xcassets */ = {isa = PBXFileReference; lastKnownFileType = folder.assetcatalog; path = "Preview Assets.xcassets"; sourceTree = "<group>"; };
		16DA5B7B2C459629005B4C80 /* README.md */ = {isa = PBXFileReference; lastKnownFileType = net.daringfireball.markdown; path = README.md; sourceTree = "<group>"; };
		A32A02E92C4897E9007D0285 /* BattleView.swift */ = {isa = PBXFileReference; lastKnownFileType = sourcecode.swift; path = BattleView.swift; sourceTree = "<group>"; };
		A32A02EC2C489985007D0285 /* Dice1View.swift */ = {isa = PBXFileReference; lastKnownFileType = sourcecode.swift; path = Dice1View.swift; sourceTree = "<group>"; };
		A32A02EE2C489B3C007D0285 /* Dice2View.swift */ = {isa = PBXFileReference; fileEncoding = 4; lastKnownFileType = sourcecode.swift; path = Dice2View.swift; sourceTree = "<group>"; };
		A32A02F02C489CBB007D0285 /* Dice3View.swift */ = {isa = PBXFileReference; fileEncoding = 4; lastKnownFileType = sourcecode.swift; path = Dice3View.swift; sourceTree = "<group>"; };
		A32A02F22C489CEE007D0285 /* Dice4View.swift */ = {isa = PBXFileReference; fileEncoding = 4; lastKnownFileType = sourcecode.swift; path = Dice4View.swift; sourceTree = "<group>"; };
		A32A02F42C489D62007D0285 /* Dice5View.swift */ = {isa = PBXFileReference; fileEncoding = 4; lastKnownFileType = sourcecode.swift; path = Dice5View.swift; sourceTree = "<group>"; };
		A32A02F62C489D80007D0285 /* Dice6View.swift */ = {isa = PBXFileReference; fileEncoding = 4; lastKnownFileType = sourcecode.swift; path = Dice6View.swift; sourceTree = "<group>"; };
		A32A02F92C48BD2F007D0285 /* TestData.swift */ = {isa = PBXFileReference; lastKnownFileType = sourcecode.swift; path = TestData.swift; sourceTree = "<group>"; };
/* End PBXFileReference section */

/* Begin PBXFrameworksBuildPhase section */
		16DA5B672C459562005B4C80 /* Frameworks */ = {
			isa = PBXFrameworksBuildPhase;
			buildActionMask = 2147483647;
			files = (
			);
			runOnlyForDeploymentPostprocessing = 0;
		};
/* End PBXFrameworksBuildPhase section */

/* Begin PBXGroup section */
		16DA5B612C459562005B4C80 = {
			isa = PBXGroup;
			children = (
				168AACC02C459BE9002F3FFA /* .gitignore */,
				16DA5B7B2C459629005B4C80 /* README.md */,
				16DA5B6C2C459562005B4C80 /* Dice Fight */,
				16DA5B6B2C459562005B4C80 /* Products */,
			);
			sourceTree = "<group>";
		};
		16DA5B6B2C459562005B4C80 /* Products */ = {
			isa = PBXGroup;
			children = (
				16DA5B6A2C459562005B4C80 /* Dice Fight.app */,
			);
			name = Products;
			sourceTree = "<group>";
		};
		16DA5B6C2C459562005B4C80 /* Dice Fight */ = {
			isa = PBXGroup;
			children = (
				A32A02F82C48BCE5007D0285 /* Classes */,
				A32A02EB2C48994F007D0285 /* Dice */,
				168AACC52C45A096002F3FFA /* Dice-Fight-Info.plist */,
				16DA5B6D2C459562005B4C80 /* Dice_FightApp.swift */,
				16DA5B6F2C459562005B4C80 /* ContentView.swift */,
				16DA5B712C459566005B4C80 /* Assets.xcassets */,
				16DA5B732C459566005B4C80 /* Preview Content */,
				A32A02E92C4897E9007D0285 /* BattleView.swift */,
			);
			path = "Dice Fight";
			sourceTree = "<group>";
		};
		16DA5B732C459566005B4C80 /* Preview Content */ = {
			isa = PBXGroup;
			children = (
				16DA5B742C459566005B4C80 /* Preview Assets.xcassets */,
			);
			path = "Preview Content";
			sourceTree = "<group>";
		};
		A32A02EB2C48994F007D0285 /* Dice */ = {
			isa = PBXGroup;
			children = (
				A32A02EC2C489985007D0285 /* Dice1View.swift */,
				A32A02EE2C489B3C007D0285 /* Dice2View.swift */,
				A32A02F02C489CBB007D0285 /* Dice3View.swift */,
				A32A02F22C489CEE007D0285 /* Dice4View.swift */,
				A32A02F42C489D62007D0285 /* Dice5View.swift */,
				A32A02F62C489D80007D0285 /* Dice6View.swift */,
			);
			path = Dice;
			sourceTree = "<group>";
		};
		A32A02F82C48BCE5007D0285 /* Classes */ = {
			isa = PBXGroup;
			children = (
				A32A02F92C48BD2F007D0285 /* TestData.swift */,
			);
			path = Classes;
			sourceTree = "<group>";
		};
/* End PBXGroup section */

/* Begin PBXNativeTarget section */
		16DA5B692C459562005B4C80 /* Dice Fight */ = {
			isa = PBXNativeTarget;
			buildConfigurationList = 16DA5B782C459566005B4C80 /* Build configuration list for PBXNativeTarget "Dice Fight" */;
			buildPhases = (
				16DA5B662C459562005B4C80 /* Sources */,
				16DA5B672C459562005B4C80 /* Frameworks */,
				16DA5B682C459562005B4C80 /* Resources */,
			);
			buildRules = (
			);
			dependencies = (
			);
			name = "Dice Fight";
			productName = "Dice Fight";
			productReference = 16DA5B6A2C459562005B4C80 /* Dice Fight.app */;
			productType = "com.apple.product-type.application";
		};
/* End PBXNativeTarget section */

/* Begin PBXProject section */
		16DA5B622C459562005B4C80 /* Project object */ = {
			isa = PBXProject;
			attributes = {
				BuildIndependentTargetsInParallel = 1;
				LastSwiftUpdateCheck = 1540;
				LastUpgradeCheck = 1540;
				TargetAttributes = {
					16DA5B692C459562005B4C80 = {
						CreatedOnToolsVersion = 15.4;
					};
				};
			};
			buildConfigurationList = 16DA5B652C459562005B4C80 /* Build configuration list for PBXProject "Dice Fight" */;
			compatibilityVersion = "Xcode 15.3";
			developmentRegion = en;
			hasScannedForEncodings = 0;
			knownRegions = (
				en,
				Base,
			);
			mainGroup = 16DA5B612C459562005B4C80;
			productRefGroup = 16DA5B6B2C459562005B4C80 /* Products */;
			projectDirPath = "";
			projectRoot = "";
			targets = (
				16DA5B692C459562005B4C80 /* Dice Fight */,
			);
		};
/* End PBXProject section */

/* Begin PBXResourcesBuildPhase section */
		16DA5B682C459562005B4C80 /* Resources */ = {
			isa = PBXResourcesBuildPhase;
			buildActionMask = 2147483647;
			files = (
				16DA5B752C459566005B4C80 /* Preview Assets.xcassets in Resources */,
				16DA5B722C459566005B4C80 /* Assets.xcassets in Resources */,
			);
			runOnlyForDeploymentPostprocessing = 0;
		};
/* End PBXResourcesBuildPhase section */

/* Begin PBXSourcesBuildPhase section */
		16DA5B662C459562005B4C80 /* Sources */ = {
			isa = PBXSourcesBuildPhase;
			buildActionMask = 2147483647;
			files = (
				A32A02F72C489D80007D0285 /* Dice6View.swift in Sources */,
				16DA5B702C459562005B4C80 /* ContentView.swift in Sources */,
				A32A02F12C489CBB007D0285 /* Dice3View.swift in Sources */,
				A32A02FA2C48BD2F007D0285 /* TestData.swift in Sources */,
				A32A02F32C489CEE007D0285 /* Dice4View.swift in Sources */,
				A32A02EF2C489B3C007D0285 /* Dice2View.swift in Sources */,
				A32A02EA2C4897E9007D0285 /* BattleView.swift in Sources */,
				16DA5B6E2C459562005B4C80 /* Dice_FightApp.swift in Sources */,
				A32A02ED2C489985007D0285 /* Dice1View.swift in Sources */,
				A32A02F52C489D62007D0285 /* Dice5View.swift in Sources */,
			);
			runOnlyForDeploymentPostprocessing = 0;
		};
/* End PBXSourcesBuildPhase section */

/* Begin XCBuildConfiguration section */
		16DA5B762C459566005B4C80 /* Debug */ = {
			isa = XCBuildConfiguration;
			buildSettings = {
				ALWAYS_SEARCH_USER_PATHS = NO;
				ASSETCATALOG_COMPILER_GENERATE_SWIFT_ASSET_SYMBOL_EXTENSIONS = YES;
				CLANG_ANALYZER_NONNULL = YES;
				CLANG_ANALYZER_NUMBER_OBJECT_CONVERSION = YES_AGGRESSIVE;
				CLANG_CXX_LANGUAGE_STANDARD = "gnu++20";
				CLANG_ENABLE_MODULES = YES;
				CLANG_ENABLE_OBJC_ARC = YES;
				CLANG_ENABLE_OBJC_WEAK = YES;
				CLANG_WARN_BLOCK_CAPTURE_AUTORELEASING = YES;
				CLANG_WARN_BOOL_CONVERSION = YES;
				CLANG_WARN_COMMA = YES;
				CLANG_WARN_CONSTANT_CONVERSION = YES;
				CLANG_WARN_DEPRECATED_OBJC_IMPLEMENTATIONS = YES;
				CLANG_WARN_DIRECT_OBJC_ISA_USAGE = YES_ERROR;
				CLANG_WARN_DOCUMENTATION_COMMENTS = YES;
				CLANG_WARN_EMPTY_BODY = YES;
				CLANG_WARN_ENUM_CONVERSION = YES;
				CLANG_WARN_INFINITE_RECURSION = YES;
				CLANG_WARN_INT_CONVERSION = YES;
				CLANG_WARN_NON_LITERAL_NULL_CONVERSION = YES;
				CLANG_WARN_OBJC_IMPLICIT_RETAIN_SELF = YES;
				CLANG_WARN_OBJC_LITERAL_CONVERSION = YES;
				CLANG_WARN_OBJC_ROOT_CLASS = YES_ERROR;
				CLANG_WARN_QUOTED_INCLUDE_IN_FRAMEWORK_HEADER = YES;
				CLANG_WARN_RANGE_LOOP_ANALYSIS = YES;
				CLANG_WARN_STRICT_PROTOTYPES = YES;
				CLANG_WARN_SUSPICIOUS_MOVE = YES;
				CLANG_WARN_UNGUARDED_AVAILABILITY = YES_AGGRESSIVE;
				CLANG_WARN_UNREACHABLE_CODE = YES;
				CLANG_WARN__DUPLICATE_METHOD_MATCH = YES;
				COPY_PHASE_STRIP = NO;
				DEBUG_INFORMATION_FORMAT = dwarf;
				ENABLE_STRICT_OBJC_MSGSEND = YES;
				ENABLE_TESTABILITY = YES;
				ENABLE_USER_SCRIPT_SANDBOXING = YES;
				GCC_C_LANGUAGE_STANDARD = gnu17;
				GCC_DYNAMIC_NO_PIC = NO;
				GCC_NO_COMMON_BLOCKS = YES;
				GCC_OPTIMIZATION_LEVEL = 0;
				GCC_PREPROCESSOR_DEFINITIONS = (
					"DEBUG=1",
					"$(inherited)",
				);
				GCC_WARN_64_TO_32_BIT_CONVERSION = YES;
				GCC_WARN_ABOUT_RETURN_TYPE = YES_ERROR;
				GCC_WARN_UNDECLARED_SELECTOR = YES;
				GCC_WARN_UNINITIALIZED_AUTOS = YES_AGGRESSIVE;
				GCC_WARN_UNUSED_FUNCTION = YES;
				GCC_WARN_UNUSED_VARIABLE = YES;
				IPHONEOS_DEPLOYMENT_TARGET = 17.5;
				LOCALIZATION_PREFERS_STRING_CATALOGS = YES;
				MTL_ENABLE_DEBUG_INFO = INCLUDE_SOURCE;
				MTL_FAST_MATH = YES;
				ONLY_ACTIVE_ARCH = YES;
				SDKROOT = iphoneos;
				SWIFT_ACTIVE_COMPILATION_CONDITIONS = "DEBUG $(inherited)";
				SWIFT_OPTIMIZATION_LEVEL = "-Onone";
			};
			name = Debug;
		};
		16DA5B772C459566005B4C80 /* Release */ = {
			isa = XCBuildConfiguration;
			buildSettings = {
				ALWAYS_SEARCH_USER_PATHS = NO;
				ASSETCATALOG_COMPILER_GENERATE_SWIFT_ASSET_SYMBOL_EXTENSIONS = YES;
				CLANG_ANALYZER_NONNULL = YES;
				CLANG_ANALYZER_NUMBER_OBJECT_CONVERSION = YES_AGGRESSIVE;
				CLANG_CXX_LANGUAGE_STANDARD = "gnu++20";
				CLANG_ENABLE_MODULES = YES;
				CLANG_ENABLE_OBJC_ARC = YES;
				CLANG_ENABLE_OBJC_WEAK = YES;
				CLANG_WARN_BLOCK_CAPTURE_AUTORELEASING = YES;
				CLANG_WARN_BOOL_CONVERSION = YES;
				CLANG_WARN_COMMA = YES;
				CLANG_WARN_CONSTANT_CONVERSION = YES;
				CLANG_WARN_DEPRECATED_OBJC_IMPLEMENTATIONS = YES;
				CLANG_WARN_DIRECT_OBJC_ISA_USAGE = YES_ERROR;
				CLANG_WARN_DOCUMENTATION_COMMENTS = YES;
				CLANG_WARN_EMPTY_BODY = YES;
				CLANG_WARN_ENUM_CONVERSION = YES;
				CLANG_WARN_INFINITE_RECURSION = YES;
				CLANG_WARN_INT_CONVERSION = YES;
				CLANG_WARN_NON_LITERAL_NULL_CONVERSION = YES;
				CLANG_WARN_OBJC_IMPLICIT_RETAIN_SELF = YES;
				CLANG_WARN_OBJC_LITERAL_CONVERSION = YES;
				CLANG_WARN_OBJC_ROOT_CLASS = YES_ERROR;
				CLANG_WARN_QUOTED_INCLUDE_IN_FRAMEWORK_HEADER = YES;
				CLANG_WARN_RANGE_LOOP_ANALYSIS = YES;
				CLANG_WARN_STRICT_PROTOTYPES = YES;
				CLANG_WARN_SUSPICIOUS_MOVE = YES;
				CLANG_WARN_UNGUARDED_AVAILABILITY = YES_AGGRESSIVE;
				CLANG_WARN_UNREACHABLE_CODE = YES;
				CLANG_WARN__DUPLICATE_METHOD_MATCH = YES;
				COPY_PHASE_STRIP = NO;
				DEBUG_INFORMATION_FORMAT = "dwarf-with-dsym";
				ENABLE_NS_ASSERTIONS = NO;
				ENABLE_STRICT_OBJC_MSGSEND = YES;
				ENABLE_USER_SCRIPT_SANDBOXING = YES;
				GCC_C_LANGUAGE_STANDARD = gnu17;
				GCC_NO_COMMON_BLOCKS = YES;
				GCC_WARN_64_TO_32_BIT_CONVERSION = YES;
				GCC_WARN_ABOUT_RETURN_TYPE = YES_ERROR;
				GCC_WARN_UNDECLARED_SELECTOR = YES;
				GCC_WARN_UNINITIALIZED_AUTOS = YES_AGGRESSIVE;
				GCC_WARN_UNUSED_FUNCTION = YES;
				GCC_WARN_UNUSED_VARIABLE = YES;
				IPHONEOS_DEPLOYMENT_TARGET = 17.5;
				LOCALIZATION_PREFERS_STRING_CATALOGS = YES;
				MTL_ENABLE_DEBUG_INFO = NO;
				MTL_FAST_MATH = YES;
				SDKROOT = iphoneos;
				SWIFT_COMPILATION_MODE = wholemodule;
				VALIDATE_PRODUCT = YES;
			};
			name = Release;
		};
		16DA5B792C459566005B4C80 /* Debug */ = {
			isa = XCBuildConfiguration;
			buildSettings = {
				ASSETCATALOG_COMPILER_APPICON_NAME = AppIcon;
				ASSETCATALOG_COMPILER_GLOBAL_ACCENT_COLOR_NAME = AccentColor;
				ASSETCATALOG_COMPILER_INCLUDE_ALL_APPICON_ASSETS = NO;
				CODE_SIGN_STYLE = Automatic;
				CURRENT_PROJECT_VERSION = 1;
				DEVELOPMENT_ASSET_PATHS = "\"Dice Fight/Preview Content\"";
				DEVELOPMENT_TEAM = Z95544JB68;
				ENABLE_PREVIEWS = YES;
				GENERATE_INFOPLIST_FILE = YES;
				INFOPLIST_FILE = "Dice-Fight-Info.plist";
				INFOPLIST_KEY_UIApplicationSceneManifest_Generation = YES;
				INFOPLIST_KEY_UIApplicationSupportsIndirectInputEvents = YES;
				INFOPLIST_KEY_UILaunchStoryboardName = "";
				INFOPLIST_KEY_UISupportedInterfaceOrientations = "UIInterfaceOrientationLandscapeLeft UIInterfaceOrientationLandscapeRight UIInterfaceOrientationPortrait";
				LD_RUNPATH_SEARCH_PATHS = (
					"$(inherited)",
					"@executable_path/Frameworks",
				);
				MARKETING_VERSION = 1.0;
				PRODUCT_BUNDLE_IDENTIFIER = "com.jacobsimpson.Dice-Fight";
				PRODUCT_NAME = "$(TARGET_NAME)";
				SWIFT_EMIT_LOC_STRINGS = YES;
				SWIFT_VERSION = 5.0;
				TARGETED_DEVICE_FAMILY = "1,2";
			};
			name = Debug;
		};
		16DA5B7A2C459566005B4C80 /* Release */ = {
			isa = XCBuildConfiguration;
			buildSettings = {
				ASSETCATALOG_COMPILER_APPICON_NAME = AppIcon;
				ASSETCATALOG_COMPILER_GLOBAL_ACCENT_COLOR_NAME = AccentColor;
				ASSETCATALOG_COMPILER_INCLUDE_ALL_APPICON_ASSETS = NO;
				CODE_SIGN_STYLE = Automatic;
				CURRENT_PROJECT_VERSION = 1;
				DEVELOPMENT_ASSET_PATHS = "\"Dice Fight/Preview Content\"";
				DEVELOPMENT_TEAM = Z95544JB68;
				ENABLE_PREVIEWS = YES;
				GENERATE_INFOPLIST_FILE = YES;
				INFOPLIST_FILE = "Dice-Fight-Info.plist";
				INFOPLIST_KEY_UIApplicationSceneManifest_Generation = YES;
				INFOPLIST_KEY_UIApplicationSupportsIndirectInputEvents = YES;
				INFOPLIST_KEY_UILaunchStoryboardName = "";
				INFOPLIST_KEY_UISupportedInterfaceOrientations = "UIInterfaceOrientationLandscapeLeft UIInterfaceOrientationLandscapeRight UIInterfaceOrientationPortrait";
				LD_RUNPATH_SEARCH_PATHS = (
					"$(inherited)",
					"@executable_path/Frameworks",
				);
				MARKETING_VERSION = 1.0;
				PRODUCT_BUNDLE_IDENTIFIER = "com.jacobsimpson.Dice-Fight";
				PRODUCT_NAME = "$(TARGET_NAME)";
				SWIFT_EMIT_LOC_STRINGS = YES;
				SWIFT_VERSION = 5.0;
				TARGETED_DEVICE_FAMILY = "1,2";
			};
			name = Release;
		};
/* End XCBuildConfiguration section */

/* Begin XCConfigurationList section */
		16DA5B652C459562005B4C80 /* Build configuration list for PBXProject "Dice Fight" */ = {
			isa = XCConfigurationList;
			buildConfigurations = (
				16DA5B762C459566005B4C80 /* Debug */,
				16DA5B772C459566005B4C80 /* Release */,
			);
			defaultConfigurationIsVisible = 0;
			defaultConfigurationName = Release;
		};
		16DA5B782C459566005B4C80 /* Build configuration list for PBXNativeTarget "Dice Fight" */ = {
			isa = XCConfigurationList;
			buildConfigurations = (
				16DA5B792C459566005B4C80 /* Debug */,
				16DA5B7A2C459566005B4C80 /* Release */,
			);
			defaultConfigurationIsVisible = 0;
			defaultConfigurationName = Release;
		};
/* End XCConfigurationList section */
	};
	rootObject = 16DA5B622C459562005B4C80 /* Project object */;
}
